
Microsoft Visual Studio Solution File, Format Version 12.00
# Visual Studio Version 17
VisualStudioVersion = 17.0.31903.59
MinimumVisualStudioVersion = 10.0.40219.1
Project("{2150E333-8FDC-42A3-9474-1A3956D46DE8}") = "Services", "Services", "{09CC424F-409B-49D1-BDBD-D2D46B9CA34E}"
EndProject
Project("{E53339B2-1760-4266-BCC7-CA923CBCF16C}") = "docker-compose", "docker-compose.dcproj", "{E7BC684F-7E20-4AD3-9DCB-6C663401DFC0}"
EndProject
Project("{2150E333-8FDC-42A3-9474-1A3956D46DE8}") = "Catalog", "Catalog", "{50B57C49-99C1-4872-AD5E-35FD1F4BA5F8}"
EndProject
Project("{9A19103F-16F7-4668-BE54-9A1E7A4F7556}") = "YGZ.Catalog.Domain", "Services\Catalog\YGZ.Catalog.Domain\YGZ.Catalog.Domain.csproj", "{700B85B8-C3D5-4923-90F5-1D8ACEC44168}"
EndProject
Project("{9A19103F-16F7-4668-BE54-9A1E7A4F7556}") = "YGZ.Catalog.Infrastructure", "Services\Catalog\YGZ.Catalog.Infrastructure\YGZ.Catalog.Infrastructure.csproj", "{87838124-9B56-4650-8379-CB298D260219}"
EndProject
Project("{2150E333-8FDC-42A3-9474-1A3956D46DE8}") = "Basket", "Basket", "{3EFFBA45-8417-4470-9213-2E458506438B}"
EndProject
Project("{2150E333-8FDC-42A3-9474-1A3956D46DE8}") = "Discount", "Discount", "{F1A2B22B-C28C-4DFD-A0C2-783894A22AA6}"
EndProject
Project("{2150E333-8FDC-42A3-9474-1A3956D46DE8}") = "Ordering", "Ordering", "{268F8796-3B2F-40FA-951C-5740504801B0}"
EndProject
Project("{9A19103F-16F7-4668-BE54-9A1E7A4F7556}") = "YGZ.Ordering.Api", "Services\Ordering\YGZ.Ordering.Api\YGZ.Ordering.Api.csproj", "{45BF9EB9-890E-480D-B24F-EE2C21DC2B8D}"
EndProject
Project("{9A19103F-16F7-4668-BE54-9A1E7A4F7556}") = "YGZ.Ordering.Application", "Services\Ordering\YGZ.Ordering.Application\YGZ.Ordering.Application.csproj", "{B620E0AD-CF33-45F5-85B0-AD2677655957}"
EndProject
Project("{9A19103F-16F7-4668-BE54-9A1E7A4F7556}") = "YGZ.Ordering.Domain", "Services\Ordering\YGZ.Ordering.Domain\YGZ.Ordering.Domain.csproj", "{119D5083-991A-4840-BF2F-D8F3A4389369}"
EndProject
Project("{9A19103F-16F7-4668-BE54-9A1E7A4F7556}") = "YGZ.Ordering.Infrastructure", "Services\Ordering\YGZ.Ordering.Infrastructure\YGZ.Ordering.Infrastructure.csproj", "{DD256122-CC5B-45A1-A781-4B6B15119CD9}"
EndProject
Project("{9A19103F-16F7-4668-BE54-9A1E7A4F7556}") = "YGZ.Ordering.Persistence", "Services\Ordering\YGZ.Ordering.Persistence\YGZ.Ordering.Persistence.csproj", "{3CF42EFD-E7D3-40E3-AA38-970E554F6050}"
EndProject
Project("{2150E333-8FDC-42A3-9474-1A3956D46DE8}") = "BuildingBlocks", "BuildingBlocks", "{71A95CCA-BFFE-49CA-9D9C-DB4C95FC45E1}"
EndProject
Project("{9A19103F-16F7-4668-BE54-9A1E7A4F7556}") = "YGZ.BuildingBlocks.Messaging", "Services\BuildingBlocks\YGZ.BuildingBlocks.Messaging\YGZ.BuildingBlocks.Messaging.csproj", "{EF99D6D5-61FC-446A-824B-ADC61F98B2DE}"
EndProject
Project("{9A19103F-16F7-4668-BE54-9A1E7A4F7556}") = "YGZ.BuildingBlocks.Shared", "Services\BuildingBlocks\YGZ.BuildingBlocks.Shared\YGZ.BuildingBlocks.Shared.csproj", "{98C78C48-ABAB-4EE6-8276-9629FF9C81A1}"
EndProject
Project("{2150E333-8FDC-42A3-9474-1A3956D46DE8}") = "ApiGateways", "ApiGateways", "{A80EDDBF-B15E-4E1F-9334-E6F63E9690EE}"
EndProject
Project("{9A19103F-16F7-4668-BE54-9A1E7A4F7556}") = "YGZ.Gateways.Yarp", "Gateways\YGZ.Gateways.Yarp\YGZ.Gateways.Yarp.csproj", "{2B3EF9E0-3742-42D6-BF81-F54D15AEC19A}"
EndProject
Project("{2150E333-8FDC-42A3-9474-1A3956D46DE8}") = "Identity", "Identity", "{EFB21941-9803-4495-8F9A-39362545909C}"
EndProject
Project("{FAE04EC0-301F-11D3-BF4B-00C04F79EFBC}") = "YGZ.Keycloak.Api", "Services\Identity\YGZ.Keycloak.Api\YGZ.Keycloak.Api.csproj", "{1498E285-E6EB-4C95-B341-237AA018C94E}"
EndProject
Project("{FAE04EC0-301F-11D3-BF4B-00C04F79EFBC}") = "YGZ.Keycloak.Infrastructure", "Services\Identity\YGZ.Keycloak.Infrastructure\YGZ.Keycloak.Infrastructure.csproj", "{6ECCD5DB-C854-467A-AE39-942C43A6A44A}"
EndProject
Project("{FAE04EC0-301F-11D3-BF4B-00C04F79EFBC}") = "YGZ.Keycloak.Domain", "Services\Identity\YGZ.Keycloak.Domain\YGZ.Keycloak.Domain.csproj", "{144B653E-F095-47AB-98AD-08BF6BBF50D8}"
EndProject
Project("{FAE04EC0-301F-11D3-BF4B-00C04F79EFBC}") = "YGZ.Keycloak.Application", "Services\Identity\YGZ.Keycloak.Application\YGZ.Keycloak.Application.csproj", "{B0D3A149-9F3A-4499-86C0-D261D08BE4FF}"
EndProject
Project("{FAE04EC0-301F-11D3-BF4B-00C04F79EFBC}") = "YGZ.Catalog.Api", "Services\Catalog\YGZ.Catalog.Api\YGZ.Catalog.Api.csproj", "{3E7FCBC2-E9BC-4B13-9AAD-6A3DA0B45A5F}"
EndProject
Project("{FAE04EC0-301F-11D3-BF4B-00C04F79EFBC}") = "YGZ.Catalog.Application", "Services\Catalog\YGZ.Catalog.Application\YGZ.Catalog.Application.csproj", "{5D087EA7-A45D-4444-9EFD-A97AC76DFC69}"
EndProject
Project("{FAE04EC0-301F-11D3-BF4B-00C04F79EFBC}") = "YGZ.Basket.Api", "Services\Basket\YGZ.Basket.Api\YGZ.Basket.Api.csproj", "{9014380F-F3D6-40BE-9343-968DE5A4ED37}"
EndProject
Project("{FAE04EC0-301F-11D3-BF4B-00C04F79EFBC}") = "YGZ.Basket.Domain", "Services\Basket\YGZ.Basket.Domain\YGZ.Basket.Domain.csproj", "{B0DB1F3E-3A67-4AFE-A0B2-09E41D26B446}"
EndProject
Project("{FAE04EC0-301F-11D3-BF4B-00C04F79EFBC}") = "YGZ.Basket.Application", "Services\Basket\YGZ.Basket.Application\YGZ.Basket.Application.csproj", "{2E4B6EAF-0155-4C48-83BE-F7E04B8E025E}"
EndProject
Project("{FAE04EC0-301F-11D3-BF4B-00C04F79EFBC}") = "YGZ.Basket.Infrastructure", "Services\Basket\YGZ.Basket.Infrastructure\YGZ.Basket.Infrastructure.csproj", "{701566B9-6CF0-4E55-8A67-9A2B70E204C5}"
EndProject
Project("{FAE04EC0-301F-11D3-BF4B-00C04F79EFBC}") = "YGZ.Discount.Grpc", "Services\Discount\YGZ.Discount.Grpc\YGZ.Discount.Grpc.csproj", "{59A78525-859C-449A-B0E7-3344EC946361}"
EndProject
Global
	GlobalSection(SolutionConfigurationPlatforms) = preSolution
		Debug|Any CPU = Debug|Any CPU
		Release|Any CPU = Release|Any CPU
	EndGlobalSection
	GlobalSection(ProjectConfigurationPlatforms) = postSolution
		{E7BC684F-7E20-4AD3-9DCB-6C663401DFC0}.Debug|Any CPU.ActiveCfg = Debug|Any CPU
		{E7BC684F-7E20-4AD3-9DCB-6C663401DFC0}.Debug|Any CPU.Build.0 = Debug|Any CPU
		{E7BC684F-7E20-4AD3-9DCB-6C663401DFC0}.Release|Any CPU.ActiveCfg = Release|Any CPU
		{E7BC684F-7E20-4AD3-9DCB-6C663401DFC0}.Release|Any CPU.Build.0 = Release|Any CPU
		{700B85B8-C3D5-4923-90F5-1D8ACEC44168}.Debug|Any CPU.ActiveCfg = Debug|Any CPU
		{700B85B8-C3D5-4923-90F5-1D8ACEC44168}.Debug|Any CPU.Build.0 = Debug|Any CPU
		{700B85B8-C3D5-4923-90F5-1D8ACEC44168}.Release|Any CPU.ActiveCfg = Release|Any CPU
		{700B85B8-C3D5-4923-90F5-1D8ACEC44168}.Release|Any CPU.Build.0 = Release|Any CPU
		{87838124-9B56-4650-8379-CB298D260219}.Debug|Any CPU.ActiveCfg = Debug|Any CPU
		{87838124-9B56-4650-8379-CB298D260219}.Debug|Any CPU.Build.0 = Debug|Any CPU
		{87838124-9B56-4650-8379-CB298D260219}.Release|Any CPU.ActiveCfg = Release|Any CPU
		{87838124-9B56-4650-8379-CB298D260219}.Release|Any CPU.Build.0 = Release|Any CPU
		{45BF9EB9-890E-480D-B24F-EE2C21DC2B8D}.Debug|Any CPU.ActiveCfg = Debug|Any CPU
		{45BF9EB9-890E-480D-B24F-EE2C21DC2B8D}.Debug|Any CPU.Build.0 = Debug|Any CPU
		{45BF9EB9-890E-480D-B24F-EE2C21DC2B8D}.Release|Any CPU.ActiveCfg = Release|Any CPU
		{45BF9EB9-890E-480D-B24F-EE2C21DC2B8D}.Release|Any CPU.Build.0 = Release|Any CPU
		{B620E0AD-CF33-45F5-85B0-AD2677655957}.Debug|Any CPU.ActiveCfg = Debug|Any CPU
		{B620E0AD-CF33-45F5-85B0-AD2677655957}.Debug|Any CPU.Build.0 = Debug|Any CPU
		{B620E0AD-CF33-45F5-85B0-AD2677655957}.Release|Any CPU.ActiveCfg = Release|Any CPU
		{B620E0AD-CF33-45F5-85B0-AD2677655957}.Release|Any CPU.Build.0 = Release|Any CPU
		{119D5083-991A-4840-BF2F-D8F3A4389369}.Debug|Any CPU.ActiveCfg = Debug|Any CPU
		{119D5083-991A-4840-BF2F-D8F3A4389369}.Debug|Any CPU.Build.0 = Debug|Any CPU
		{119D5083-991A-4840-BF2F-D8F3A4389369}.Release|Any CPU.ActiveCfg = Release|Any CPU
		{119D5083-991A-4840-BF2F-D8F3A4389369}.Release|Any CPU.Build.0 = Release|Any CPU
		{DD256122-CC5B-45A1-A781-4B6B15119CD9}.Debug|Any CPU.ActiveCfg = Debug|Any CPU
		{DD256122-CC5B-45A1-A781-4B6B15119CD9}.Debug|Any CPU.Build.0 = Debug|Any CPU
		{DD256122-CC5B-45A1-A781-4B6B15119CD9}.Release|Any CPU.ActiveCfg = Release|Any CPU
		{DD256122-CC5B-45A1-A781-4B6B15119CD9}.Release|Any CPU.Build.0 = Release|Any CPU
		{3CF42EFD-E7D3-40E3-AA38-970E554F6050}.Debug|Any CPU.ActiveCfg = Debug|Any CPU
		{3CF42EFD-E7D3-40E3-AA38-970E554F6050}.Debug|Any CPU.Build.0 = Debug|Any CPU
		{3CF42EFD-E7D3-40E3-AA38-970E554F6050}.Release|Any CPU.ActiveCfg = Release|Any CPU
		{3CF42EFD-E7D3-40E3-AA38-970E554F6050}.Release|Any CPU.Build.0 = Release|Any CPU
		{EF99D6D5-61FC-446A-824B-ADC61F98B2DE}.Debug|Any CPU.ActiveCfg = Debug|Any CPU
		{EF99D6D5-61FC-446A-824B-ADC61F98B2DE}.Debug|Any CPU.Build.0 = Debug|Any CPU
		{EF99D6D5-61FC-446A-824B-ADC61F98B2DE}.Release|Any CPU.ActiveCfg = Release|Any CPU
		{EF99D6D5-61FC-446A-824B-ADC61F98B2DE}.Release|Any CPU.Build.0 = Release|Any CPU
		{98C78C48-ABAB-4EE6-8276-9629FF9C81A1}.Debug|Any CPU.ActiveCfg = Debug|Any CPU
		{98C78C48-ABAB-4EE6-8276-9629FF9C81A1}.Debug|Any CPU.Build.0 = Debug|Any CPU
		{98C78C48-ABAB-4EE6-8276-9629FF9C81A1}.Release|Any CPU.ActiveCfg = Release|Any CPU
		{98C78C48-ABAB-4EE6-8276-9629FF9C81A1}.Release|Any CPU.Build.0 = Release|Any CPU
		{2B3EF9E0-3742-42D6-BF81-F54D15AEC19A}.Debug|Any CPU.ActiveCfg = Debug|Any CPU
		{2B3EF9E0-3742-42D6-BF81-F54D15AEC19A}.Debug|Any CPU.Build.0 = Debug|Any CPU
		{2B3EF9E0-3742-42D6-BF81-F54D15AEC19A}.Release|Any CPU.ActiveCfg = Release|Any CPU
		{2B3EF9E0-3742-42D6-BF81-F54D15AEC19A}.Release|Any CPU.Build.0 = Release|Any CPU
		{1498E285-E6EB-4C95-B341-237AA018C94E}.Debug|Any CPU.ActiveCfg = Debug|Any CPU
		{1498E285-E6EB-4C95-B341-237AA018C94E}.Debug|Any CPU.Build.0 = Debug|Any CPU
		{1498E285-E6EB-4C95-B341-237AA018C94E}.Release|Any CPU.ActiveCfg = Release|Any CPU
		{1498E285-E6EB-4C95-B341-237AA018C94E}.Release|Any CPU.Build.0 = Release|Any CPU
		{6ECCD5DB-C854-467A-AE39-942C43A6A44A}.Debug|Any CPU.ActiveCfg = Debug|Any CPU
		{6ECCD5DB-C854-467A-AE39-942C43A6A44A}.Debug|Any CPU.Build.0 = Debug|Any CPU
		{6ECCD5DB-C854-467A-AE39-942C43A6A44A}.Release|Any CPU.ActiveCfg = Release|Any CPU
		{6ECCD5DB-C854-467A-AE39-942C43A6A44A}.Release|Any CPU.Build.0 = Release|Any CPU
		{144B653E-F095-47AB-98AD-08BF6BBF50D8}.Debug|Any CPU.ActiveCfg = Debug|Any CPU
		{144B653E-F095-47AB-98AD-08BF6BBF50D8}.Debug|Any CPU.Build.0 = Debug|Any CPU
		{144B653E-F095-47AB-98AD-08BF6BBF50D8}.Release|Any CPU.ActiveCfg = Release|Any CPU
		{144B653E-F095-47AB-98AD-08BF6BBF50D8}.Release|Any CPU.Build.0 = Release|Any CPU
		{B0D3A149-9F3A-4499-86C0-D261D08BE4FF}.Debug|Any CPU.ActiveCfg = Debug|Any CPU
		{B0D3A149-9F3A-4499-86C0-D261D08BE4FF}.Debug|Any CPU.Build.0 = Debug|Any CPU
		{B0D3A149-9F3A-4499-86C0-D261D08BE4FF}.Release|Any CPU.ActiveCfg = Release|Any CPU
		{B0D3A149-9F3A-4499-86C0-D261D08BE4FF}.Release|Any CPU.Build.0 = Release|Any CPU
		{3E7FCBC2-E9BC-4B13-9AAD-6A3DA0B45A5F}.Debug|Any CPU.ActiveCfg = Debug|Any CPU
		{3E7FCBC2-E9BC-4B13-9AAD-6A3DA0B45A5F}.Debug|Any CPU.Build.0 = Debug|Any CPU
		{3E7FCBC2-E9BC-4B13-9AAD-6A3DA0B45A5F}.Release|Any CPU.ActiveCfg = Release|Any CPU
		{3E7FCBC2-E9BC-4B13-9AAD-6A3DA0B45A5F}.Release|Any CPU.Build.0 = Release|Any CPU
		{5D087EA7-A45D-4444-9EFD-A97AC76DFC69}.Debug|Any CPU.ActiveCfg = Debug|Any CPU
		{5D087EA7-A45D-4444-9EFD-A97AC76DFC69}.Debug|Any CPU.Build.0 = Debug|Any CPU
		{5D087EA7-A45D-4444-9EFD-A97AC76DFC69}.Release|Any CPU.ActiveCfg = Release|Any CPU
		{5D087EA7-A45D-4444-9EFD-A97AC76DFC69}.Release|Any CPU.Build.0 = Release|Any CPU
		{9014380F-F3D6-40BE-9343-968DE5A4ED37}.Debug|Any CPU.ActiveCfg = Debug|Any CPU
		{9014380F-F3D6-40BE-9343-968DE5A4ED37}.Debug|Any CPU.Build.0 = Debug|Any CPU
		{9014380F-F3D6-40BE-9343-968DE5A4ED37}.Release|Any CPU.ActiveCfg = Release|Any CPU
		{9014380F-F3D6-40BE-9343-968DE5A4ED37}.Release|Any CPU.Build.0 = Release|Any CPU
		{B0DB1F3E-3A67-4AFE-A0B2-09E41D26B446}.Debug|Any CPU.ActiveCfg = Debug|Any CPU
		{B0DB1F3E-3A67-4AFE-A0B2-09E41D26B446}.Debug|Any CPU.Build.0 = Debug|Any CPU
		{B0DB1F3E-3A67-4AFE-A0B2-09E41D26B446}.Release|Any CPU.ActiveCfg = Release|Any CPU
		{B0DB1F3E-3A67-4AFE-A0B2-09E41D26B446}.Release|Any CPU.Build.0 = Release|Any CPU
		{2E4B6EAF-0155-4C48-83BE-F7E04B8E025E}.Debug|Any CPU.ActiveCfg = Debug|Any CPU
		{2E4B6EAF-0155-4C48-83BE-F7E04B8E025E}.Debug|Any CPU.Build.0 = Debug|Any CPU
		{2E4B6EAF-0155-4C48-83BE-F7E04B8E025E}.Release|Any CPU.ActiveCfg = Release|Any CPU
		{2E4B6EAF-0155-4C48-83BE-F7E04B8E025E}.Release|Any CPU.Build.0 = Release|Any CPU
		{701566B9-6CF0-4E55-8A67-9A2B70E204C5}.Debug|Any CPU.ActiveCfg = Debug|Any CPU
		{701566B9-6CF0-4E55-8A67-9A2B70E204C5}.Debug|Any CPU.Build.0 = Debug|Any CPU
		{701566B9-6CF0-4E55-8A67-9A2B70E204C5}.Release|Any CPU.ActiveCfg = Release|Any CPU
		{701566B9-6CF0-4E55-8A67-9A2B70E204C5}.Release|Any CPU.Build.0 = Release|Any CPU
		{59A78525-859C-449A-B0E7-3344EC946361}.Debug|Any CPU.ActiveCfg = Debug|Any CPU
		{59A78525-859C-449A-B0E7-3344EC946361}.Debug|Any CPU.Build.0 = Debug|Any CPU
		{59A78525-859C-449A-B0E7-3344EC946361}.Release|Any CPU.ActiveCfg = Release|Any CPU
		{59A78525-859C-449A-B0E7-3344EC946361}.Release|Any CPU.Build.0 = Release|Any CPU
	EndGlobalSection
	GlobalSection(SolutionProperties) = preSolution
		HideSolutionNode = FALSE
	EndGlobalSection
	GlobalSection(NestedProjects) = preSolution
		{50B57C49-99C1-4872-AD5E-35FD1F4BA5F8} = {09CC424F-409B-49D1-BDBD-D2D46B9CA34E}
		{700B85B8-C3D5-4923-90F5-1D8ACEC44168} = {50B57C49-99C1-4872-AD5E-35FD1F4BA5F8}
		{87838124-9B56-4650-8379-CB298D260219} = {50B57C49-99C1-4872-AD5E-35FD1F4BA5F8}
		{3EFFBA45-8417-4470-9213-2E458506438B} = {09CC424F-409B-49D1-BDBD-D2D46B9CA34E}
		{F1A2B22B-C28C-4DFD-A0C2-783894A22AA6} = {09CC424F-409B-49D1-BDBD-D2D46B9CA34E}
		{268F8796-3B2F-40FA-951C-5740504801B0} = {09CC424F-409B-49D1-BDBD-D2D46B9CA34E}
		{45BF9EB9-890E-480D-B24F-EE2C21DC2B8D} = {268F8796-3B2F-40FA-951C-5740504801B0}
		{B620E0AD-CF33-45F5-85B0-AD2677655957} = {268F8796-3B2F-40FA-951C-5740504801B0}
		{119D5083-991A-4840-BF2F-D8F3A4389369} = {268F8796-3B2F-40FA-951C-5740504801B0}
		{DD256122-CC5B-45A1-A781-4B6B15119CD9} = {268F8796-3B2F-40FA-951C-5740504801B0}
		{3CF42EFD-E7D3-40E3-AA38-970E554F6050} = {268F8796-3B2F-40FA-951C-5740504801B0}
		{EF99D6D5-61FC-446A-824B-ADC61F98B2DE} = {71A95CCA-BFFE-49CA-9D9C-DB4C95FC45E1}
		{98C78C48-ABAB-4EE6-8276-9629FF9C81A1} = {71A95CCA-BFFE-49CA-9D9C-DB4C95FC45E1}
		{2B3EF9E0-3742-42D6-BF81-F54D15AEC19A} = {A80EDDBF-B15E-4E1F-9334-E6F63E9690EE}
		{EFB21941-9803-4495-8F9A-39362545909C} = {09CC424F-409B-49D1-BDBD-D2D46B9CA34E}
		{1498E285-E6EB-4C95-B341-237AA018C94E} = {EFB21941-9803-4495-8F9A-39362545909C}
		{6ECCD5DB-C854-467A-AE39-942C43A6A44A} = {EFB21941-9803-4495-8F9A-39362545909C}
		{144B653E-F095-47AB-98AD-08BF6BBF50D8} = {EFB21941-9803-4495-8F9A-39362545909C}
		{B0D3A149-9F3A-4499-86C0-D261D08BE4FF} = {EFB21941-9803-4495-8F9A-39362545909C}
		{3E7FCBC2-E9BC-4B13-9AAD-6A3DA0B45A5F} = {50B57C49-99C1-4872-AD5E-35FD1F4BA5F8}
		{5D087EA7-A45D-4444-9EFD-A97AC76DFC69} = {50B57C49-99C1-4872-AD5E-35FD1F4BA5F8}
		{9014380F-F3D6-40BE-9343-968DE5A4ED37} = {3EFFBA45-8417-4470-9213-2E458506438B}
		{B0DB1F3E-3A67-4AFE-A0B2-09E41D26B446} = {3EFFBA45-8417-4470-9213-2E458506438B}
		{2E4B6EAF-0155-4C48-83BE-F7E04B8E025E} = {3EFFBA45-8417-4470-9213-2E458506438B}
		{701566B9-6CF0-4E55-8A67-9A2B70E204C5} = {3EFFBA45-8417-4470-9213-2E458506438B}
		{59A78525-859C-449A-B0E7-3344EC946361} = {F1A2B22B-C28C-4DFD-A0C2-783894A22AA6}
	EndGlobalSection
	GlobalSection(ExtensibilityGlobals) = postSolution
		SolutionGuid = {8C2AE742-721E-4075-9A63-FB6FB76133FA}
	EndGlobalSection
EndGlobal
