
Microsoft Visual Studio Solution File, Format Version 12.00
# Visual Studio Version 17
VisualStudioVersion = 17.0.31903.59
MinimumVisualStudioVersion = 10.0.40219.1
Project("{2150E333-8FDC-42A3-9474-1A3956D46DE8}") = "Services", "Services", "{09CC424F-409B-49D1-BDBD-D2D46B9CA34E}"
EndProject
Project("{2150E333-8FDC-42A3-9474-1A3956D46DE8}") = "Identity", "Identity", "{8B619F7C-2035-42D4-A679-FF4017125643}"
EndProject
Project("{9A19103F-16F7-4668-BE54-9A1E7A4F7556}") = "YGZ.Identity.Api", "Services\Identity\YGZ.Identity.Api\YGZ.Identity.Api.csproj", "{8BC70CE2-7AE9-46FE-B604-99B145C9CA59}"
EndProject
Project("{9A19103F-16F7-4668-BE54-9A1E7A4F7556}") = "YGZ.Identity.Application", "Services\Identity\YGZ.Identity.Application\YGZ.Identity.Application.csproj", "{F7B73346-7594-4F0B-8FC5-7783B04A6D5D}"
EndProject
Project("{9A19103F-16F7-4668-BE54-9A1E7A4F7556}") = "YGZ.Identity.Domain", "Services\Identity\YGZ.Identity.Domain\YGZ.Identity.Domain.csproj", "{0E72549D-4A87-4150-967C-FC3ECA307AEA}"
EndProject
Project("{9A19103F-16F7-4668-BE54-9A1E7A4F7556}") = "YGZ.Identity.Contracts", "Services\Identity\YGZ.Identity.Contracts\YGZ.Identity.Contracts.csproj", "{2CAA2EA7-F0C4-4AAA-872E-80C0BF3E715E}"
EndProject
Project("{9A19103F-16F7-4668-BE54-9A1E7A4F7556}") = "YGZ.Identity.Persistence", "Services\Identity\YGZ.Identity.Persistence\YGZ.Identity.Persistence.csproj", "{78823A43-EB51-4873-BC3F-D1D8018C6CA8}"
EndProject
Project("{9A19103F-16F7-4668-BE54-9A1E7A4F7556}") = "YGZ.Identity.Test", "Services\Identity\YGZ.Identity.Test\YGZ.Identity.Test.csproj", "{2DC051E0-5518-41FF-A522-1BAF0B189191}"
EndProject
Project("{9A19103F-16F7-4668-BE54-9A1E7A4F7556}") = "YGZ.Identity.Infrastructure", "Services\Identity\YGZ.Identity.Infrastructure\YGZ.Identity.Infrastructure.csproj", "{260ACD0C-AE70-47E8-959E-65B971E92BE9}"
EndProject
Project("{9A19103F-16F7-4668-BE54-9A1E7A4F7556}") = "Gateway.Api", "Gateways\Gateway.Api\Gateway.Api.csproj", "{C08D408D-5C1B-49F0-B39F-8A88CC2FF804}"
EndProject
Project("{9A19103F-16F7-4668-BE54-9A1E7A4F7556}") = "IdentityTest1", "Services\IdentityTest\IdentityTest1\IdentityTest1.csproj", "{8081E21D-6022-47A9-BD61-8A4113B1676D}"
EndProject
Project("{9A19103F-16F7-4668-BE54-9A1E7A4F7556}") = "IdentityTest2", "Services\IdentityTest\IdentityTest2\IdentityTest2.csproj", "{590E87E3-CEF5-4678-972A-1C54BEB40CC6}"
EndProject
Project("{E53339B2-1760-4266-BCC7-CA923CBCF16C}") = "docker-compose", "docker-compose.dcproj", "{E7BC684F-7E20-4AD3-9DCB-6C663401DFC0}"
EndProject
Project("{2150E333-8FDC-42A3-9474-1A3956D46DE8}") = "Catalog", "Catalog", "{50B57C49-99C1-4872-AD5E-35FD1F4BA5F8}"
EndProject
Project("{9A19103F-16F7-4668-BE54-9A1E7A4F7556}") = "YGZ.Catalog.Api", "Services\Catalog\YGZ.Catalog.Api\YGZ.Catalog.Api.csproj", "{246AA0F9-C11E-4F62-9125-B7C319D2121F}"
	ProjectSection(ProjectDependencies) = postProject
		{3538A527-4067-4BBA-804D-0DE7B9039F6B} = {3538A527-4067-4BBA-804D-0DE7B9039F6B}
		{87838124-9B56-4650-8379-CB298D260219} = {87838124-9B56-4650-8379-CB298D260219}
		{8E09FDF5-BCA1-4A69-BF0D-6C3460C90A96} = {8E09FDF5-BCA1-4A69-BF0D-6C3460C90A96}
		{BBAB9503-09F1-4829-BC43-0505DA719603} = {BBAB9503-09F1-4829-BC43-0505DA719603}
	EndProjectSection
EndProject
Project("{9A19103F-16F7-4668-BE54-9A1E7A4F7556}") = "YGZ.Catalog.Application", "Services\Catalog\YGZ.Catalog.Application\YGZ.Catalog.Application.csproj", "{8E09FDF5-BCA1-4A69-BF0D-6C3460C90A96}"
	ProjectSection(ProjectDependencies) = postProject
		{0E72549D-4A87-4150-967C-FC3ECA307AEA} = {0E72549D-4A87-4150-967C-FC3ECA307AEA}
		{2CAA2EA7-F0C4-4AAA-872E-80C0BF3E715E} = {2CAA2EA7-F0C4-4AAA-872E-80C0BF3E715E}
	EndProjectSection
EndProject
Project("{9A19103F-16F7-4668-BE54-9A1E7A4F7556}") = "YGZ.Catalog.Domain", "Services\Catalog\YGZ.Catalog.Domain\YGZ.Catalog.Domain.csproj", "{700B85B8-C3D5-4923-90F5-1D8ACEC44168}"
EndProject
Project("{9A19103F-16F7-4668-BE54-9A1E7A4F7556}") = "YGZ.Catalog.Persistence", "Services\Catalog\YGZ.Catalog.Persistence\YGZ.Catalog.Persistence.csproj", "{3538A527-4067-4BBA-804D-0DE7B9039F6B}"
EndProject
Project("{9A19103F-16F7-4668-BE54-9A1E7A4F7556}") = "YGZ.Catalog.Infrastructure", "Services\Catalog\YGZ.Catalog.Infrastructure\YGZ.Catalog.Infrastructure.csproj", "{87838124-9B56-4650-8379-CB298D260219}"
	ProjectSection(ProjectDependencies) = postProject
		{8E09FDF5-BCA1-4A69-BF0D-6C3460C90A96} = {8E09FDF5-BCA1-4A69-BF0D-6C3460C90A96}
	EndProjectSection
EndProject
Project("{9A19103F-16F7-4668-BE54-9A1E7A4F7556}") = "YGZ.Catalog.Test", "Services\Catalog\YGZ.Catalog.Test\YGZ.Catalog.Test.csproj", "{534408DB-A375-4723-BD47-1C276AB7AC78}"
EndProject
Project("{9A19103F-16F7-4668-BE54-9A1E7A4F7556}") = "YGZ.Catalog.Contracts", "Services\Catalog\YGZ.Catalog.Contracts\YGZ.Catalog.Contracts.csproj", "{BBAB9503-09F1-4829-BC43-0505DA719603}"
EndProject
Project("{2150E333-8FDC-42A3-9474-1A3956D46DE8}") = "Basket", "Basket", "{3EFFBA45-8417-4470-9213-2E458506438B}"
EndProject
Project("{FAE04EC0-301F-11D3-BF4B-00C04F79EFBC}") = "YGZ.Basket.Api", "Services\Basket\YGZ.Basket.Api\YGZ.Basket.Api.csproj", "{CF68E58C-6775-49F0-A98D-66F685011CBA}"
EndProject
Project("{FAE04EC0-301F-11D3-BF4B-00C04F79EFBC}") = "YGZ.Basket.Application", "Services\Basket\YGZ.Basket.Application\YGZ.Basket.Application.csproj", "{5E888DFB-81F0-4DE8-ABF6-1A47B07F3842}"
EndProject
Project("{FAE04EC0-301F-11D3-BF4B-00C04F79EFBC}") = "YGZ.Basket.Domain", "Services\Basket\YGZ.Basket.Domain\YGZ.Basket.Domain.csproj", "{79E0D783-A99F-486C-9508-F98D4053EC55}"
EndProject
Project("{FAE04EC0-301F-11D3-BF4B-00C04F79EFBC}") = "YGZ.Basket.Infrastructure", "Services\Basket\YGZ.Basket.Infrastructure\YGZ.Basket.Infrastructure.csproj", "{DCBFC7E1-6741-4BE8-B4AF-C197D713EC87}"
EndProject
Global
	GlobalSection(SolutionConfigurationPlatforms) = preSolution
		Debug|Any CPU = Debug|Any CPU
		Release|Any CPU = Release|Any CPU
	EndGlobalSection
	GlobalSection(ProjectConfigurationPlatforms) = postSolution
		{8BC70CE2-7AE9-46FE-B604-99B145C9CA59}.Debug|Any CPU.ActiveCfg = Debug|Any CPU
		{8BC70CE2-7AE9-46FE-B604-99B145C9CA59}.Debug|Any CPU.Build.0 = Debug|Any CPU
		{8BC70CE2-7AE9-46FE-B604-99B145C9CA59}.Release|Any CPU.ActiveCfg = Release|Any CPU
		{8BC70CE2-7AE9-46FE-B604-99B145C9CA59}.Release|Any CPU.Build.0 = Release|Any CPU
		{F7B73346-7594-4F0B-8FC5-7783B04A6D5D}.Debug|Any CPU.ActiveCfg = Debug|Any CPU
		{F7B73346-7594-4F0B-8FC5-7783B04A6D5D}.Debug|Any CPU.Build.0 = Debug|Any CPU
		{F7B73346-7594-4F0B-8FC5-7783B04A6D5D}.Release|Any CPU.ActiveCfg = Release|Any CPU
		{F7B73346-7594-4F0B-8FC5-7783B04A6D5D}.Release|Any CPU.Build.0 = Release|Any CPU
		{0E72549D-4A87-4150-967C-FC3ECA307AEA}.Debug|Any CPU.ActiveCfg = Debug|Any CPU
		{0E72549D-4A87-4150-967C-FC3ECA307AEA}.Debug|Any CPU.Build.0 = Debug|Any CPU
		{0E72549D-4A87-4150-967C-FC3ECA307AEA}.Release|Any CPU.ActiveCfg = Release|Any CPU
		{0E72549D-4A87-4150-967C-FC3ECA307AEA}.Release|Any CPU.Build.0 = Release|Any CPU
		{2CAA2EA7-F0C4-4AAA-872E-80C0BF3E715E}.Debug|Any CPU.ActiveCfg = Debug|Any CPU
		{2CAA2EA7-F0C4-4AAA-872E-80C0BF3E715E}.Debug|Any CPU.Build.0 = Debug|Any CPU
		{2CAA2EA7-F0C4-4AAA-872E-80C0BF3E715E}.Release|Any CPU.ActiveCfg = Release|Any CPU
		{2CAA2EA7-F0C4-4AAA-872E-80C0BF3E715E}.Release|Any CPU.Build.0 = Release|Any CPU
		{78823A43-EB51-4873-BC3F-D1D8018C6CA8}.Debug|Any CPU.ActiveCfg = Debug|Any CPU
		{78823A43-EB51-4873-BC3F-D1D8018C6CA8}.Debug|Any CPU.Build.0 = Debug|Any CPU
		{78823A43-EB51-4873-BC3F-D1D8018C6CA8}.Release|Any CPU.ActiveCfg = Release|Any CPU
		{78823A43-EB51-4873-BC3F-D1D8018C6CA8}.Release|Any CPU.Build.0 = Release|Any CPU
		{2DC051E0-5518-41FF-A522-1BAF0B189191}.Debug|Any CPU.ActiveCfg = Debug|Any CPU
		{2DC051E0-5518-41FF-A522-1BAF0B189191}.Debug|Any CPU.Build.0 = Debug|Any CPU
		{2DC051E0-5518-41FF-A522-1BAF0B189191}.Release|Any CPU.ActiveCfg = Release|Any CPU
		{2DC051E0-5518-41FF-A522-1BAF0B189191}.Release|Any CPU.Build.0 = Release|Any CPU
		{260ACD0C-AE70-47E8-959E-65B971E92BE9}.Debug|Any CPU.ActiveCfg = Debug|Any CPU
		{260ACD0C-AE70-47E8-959E-65B971E92BE9}.Debug|Any CPU.Build.0 = Debug|Any CPU
		{260ACD0C-AE70-47E8-959E-65B971E92BE9}.Release|Any CPU.ActiveCfg = Release|Any CPU
		{260ACD0C-AE70-47E8-959E-65B971E92BE9}.Release|Any CPU.Build.0 = Release|Any CPU
		{C08D408D-5C1B-49F0-B39F-8A88CC2FF804}.Debug|Any CPU.ActiveCfg = Debug|Any CPU
		{C08D408D-5C1B-49F0-B39F-8A88CC2FF804}.Debug|Any CPU.Build.0 = Debug|Any CPU
		{C08D408D-5C1B-49F0-B39F-8A88CC2FF804}.Release|Any CPU.ActiveCfg = Release|Any CPU
		{C08D408D-5C1B-49F0-B39F-8A88CC2FF804}.Release|Any CPU.Build.0 = Release|Any CPU
		{8081E21D-6022-47A9-BD61-8A4113B1676D}.Debug|Any CPU.ActiveCfg = Debug|Any CPU
		{8081E21D-6022-47A9-BD61-8A4113B1676D}.Debug|Any CPU.Build.0 = Debug|Any CPU
		{8081E21D-6022-47A9-BD61-8A4113B1676D}.Release|Any CPU.ActiveCfg = Release|Any CPU
		{8081E21D-6022-47A9-BD61-8A4113B1676D}.Release|Any CPU.Build.0 = Release|Any CPU
		{590E87E3-CEF5-4678-972A-1C54BEB40CC6}.Debug|Any CPU.ActiveCfg = Debug|Any CPU
		{590E87E3-CEF5-4678-972A-1C54BEB40CC6}.Debug|Any CPU.Build.0 = Debug|Any CPU
		{590E87E3-CEF5-4678-972A-1C54BEB40CC6}.Release|Any CPU.ActiveCfg = Release|Any CPU
		{590E87E3-CEF5-4678-972A-1C54BEB40CC6}.Release|Any CPU.Build.0 = Release|Any CPU
		{E7BC684F-7E20-4AD3-9DCB-6C663401DFC0}.Debug|Any CPU.ActiveCfg = Debug|Any CPU
		{E7BC684F-7E20-4AD3-9DCB-6C663401DFC0}.Debug|Any CPU.Build.0 = Debug|Any CPU
		{E7BC684F-7E20-4AD3-9DCB-6C663401DFC0}.Release|Any CPU.ActiveCfg = Release|Any CPU
		{E7BC684F-7E20-4AD3-9DCB-6C663401DFC0}.Release|Any CPU.Build.0 = Release|Any CPU
		{246AA0F9-C11E-4F62-9125-B7C319D2121F}.Debug|Any CPU.ActiveCfg = Debug|Any CPU
		{246AA0F9-C11E-4F62-9125-B7C319D2121F}.Debug|Any CPU.Build.0 = Debug|Any CPU
		{246AA0F9-C11E-4F62-9125-B7C319D2121F}.Release|Any CPU.ActiveCfg = Release|Any CPU
		{246AA0F9-C11E-4F62-9125-B7C319D2121F}.Release|Any CPU.Build.0 = Release|Any CPU
		{8E09FDF5-BCA1-4A69-BF0D-6C3460C90A96}.Debug|Any CPU.ActiveCfg = Debug|Any CPU
		{8E09FDF5-BCA1-4A69-BF0D-6C3460C90A96}.Debug|Any CPU.Build.0 = Debug|Any CPU
		{8E09FDF5-BCA1-4A69-BF0D-6C3460C90A96}.Release|Any CPU.ActiveCfg = Release|Any CPU
		{8E09FDF5-BCA1-4A69-BF0D-6C3460C90A96}.Release|Any CPU.Build.0 = Release|Any CPU
		{700B85B8-C3D5-4923-90F5-1D8ACEC44168}.Debug|Any CPU.ActiveCfg = Debug|Any CPU
		{700B85B8-C3D5-4923-90F5-1D8ACEC44168}.Debug|Any CPU.Build.0 = Debug|Any CPU
		{700B85B8-C3D5-4923-90F5-1D8ACEC44168}.Release|Any CPU.ActiveCfg = Release|Any CPU
		{700B85B8-C3D5-4923-90F5-1D8ACEC44168}.Release|Any CPU.Build.0 = Release|Any CPU
		{3538A527-4067-4BBA-804D-0DE7B9039F6B}.Debug|Any CPU.ActiveCfg = Debug|Any CPU
		{3538A527-4067-4BBA-804D-0DE7B9039F6B}.Debug|Any CPU.Build.0 = Debug|Any CPU
		{3538A527-4067-4BBA-804D-0DE7B9039F6B}.Release|Any CPU.ActiveCfg = Release|Any CPU
		{3538A527-4067-4BBA-804D-0DE7B9039F6B}.Release|Any CPU.Build.0 = Release|Any CPU
		{87838124-9B56-4650-8379-CB298D260219}.Debug|Any CPU.ActiveCfg = Debug|Any CPU
		{87838124-9B56-4650-8379-CB298D260219}.Debug|Any CPU.Build.0 = Debug|Any CPU
		{87838124-9B56-4650-8379-CB298D260219}.Release|Any CPU.ActiveCfg = Release|Any CPU
		{87838124-9B56-4650-8379-CB298D260219}.Release|Any CPU.Build.0 = Release|Any CPU
		{534408DB-A375-4723-BD47-1C276AB7AC78}.Debug|Any CPU.ActiveCfg = Debug|Any CPU
		{534408DB-A375-4723-BD47-1C276AB7AC78}.Debug|Any CPU.Build.0 = Debug|Any CPU
		{534408DB-A375-4723-BD47-1C276AB7AC78}.Release|Any CPU.ActiveCfg = Release|Any CPU
		{534408DB-A375-4723-BD47-1C276AB7AC78}.Release|Any CPU.Build.0 = Release|Any CPU
		{BBAB9503-09F1-4829-BC43-0505DA719603}.Debug|Any CPU.ActiveCfg = Debug|Any CPU
		{BBAB9503-09F1-4829-BC43-0505DA719603}.Debug|Any CPU.Build.0 = Debug|Any CPU
		{BBAB9503-09F1-4829-BC43-0505DA719603}.Release|Any CPU.ActiveCfg = Release|Any CPU
		{BBAB9503-09F1-4829-BC43-0505DA719603}.Release|Any CPU.Build.0 = Release|Any CPU
		{CF68E58C-6775-49F0-A98D-66F685011CBA}.Debug|Any CPU.ActiveCfg = Debug|Any CPU
		{CF68E58C-6775-49F0-A98D-66F685011CBA}.Debug|Any CPU.Build.0 = Debug|Any CPU
		{CF68E58C-6775-49F0-A98D-66F685011CBA}.Release|Any CPU.ActiveCfg = Release|Any CPU
		{CF68E58C-6775-49F0-A98D-66F685011CBA}.Release|Any CPU.Build.0 = Release|Any CPU
		{5E888DFB-81F0-4DE8-ABF6-1A47B07F3842}.Debug|Any CPU.ActiveCfg = Debug|Any CPU
		{5E888DFB-81F0-4DE8-ABF6-1A47B07F3842}.Debug|Any CPU.Build.0 = Debug|Any CPU
		{5E888DFB-81F0-4DE8-ABF6-1A47B07F3842}.Release|Any CPU.ActiveCfg = Release|Any CPU
		{5E888DFB-81F0-4DE8-ABF6-1A47B07F3842}.Release|Any CPU.Build.0 = Release|Any CPU
		{79E0D783-A99F-486C-9508-F98D4053EC55}.Debug|Any CPU.ActiveCfg = Debug|Any CPU
		{79E0D783-A99F-486C-9508-F98D4053EC55}.Debug|Any CPU.Build.0 = Debug|Any CPU
		{79E0D783-A99F-486C-9508-F98D4053EC55}.Release|Any CPU.ActiveCfg = Release|Any CPU
		{79E0D783-A99F-486C-9508-F98D4053EC55}.Release|Any CPU.Build.0 = Release|Any CPU
		{DCBFC7E1-6741-4BE8-B4AF-C197D713EC87}.Debug|Any CPU.ActiveCfg = Debug|Any CPU
		{DCBFC7E1-6741-4BE8-B4AF-C197D713EC87}.Debug|Any CPU.Build.0 = Debug|Any CPU
		{DCBFC7E1-6741-4BE8-B4AF-C197D713EC87}.Release|Any CPU.ActiveCfg = Release|Any CPU
		{DCBFC7E1-6741-4BE8-B4AF-C197D713EC87}.Release|Any CPU.Build.0 = Release|Any CPU
	EndGlobalSection
	GlobalSection(SolutionProperties) = preSolution
		HideSolutionNode = FALSE
	EndGlobalSection
	GlobalSection(NestedProjects) = preSolution
		{8B619F7C-2035-42D4-A679-FF4017125643} = {09CC424F-409B-49D1-BDBD-D2D46B9CA34E}
		{8BC70CE2-7AE9-46FE-B604-99B145C9CA59} = {8B619F7C-2035-42D4-A679-FF4017125643}
		{F7B73346-7594-4F0B-8FC5-7783B04A6D5D} = {8B619F7C-2035-42D4-A679-FF4017125643}
		{0E72549D-4A87-4150-967C-FC3ECA307AEA} = {8B619F7C-2035-42D4-A679-FF4017125643}
		{2CAA2EA7-F0C4-4AAA-872E-80C0BF3E715E} = {8B619F7C-2035-42D4-A679-FF4017125643}
		{78823A43-EB51-4873-BC3F-D1D8018C6CA8} = {8B619F7C-2035-42D4-A679-FF4017125643}
		{2DC051E0-5518-41FF-A522-1BAF0B189191} = {8B619F7C-2035-42D4-A679-FF4017125643}
		{260ACD0C-AE70-47E8-959E-65B971E92BE9} = {8B619F7C-2035-42D4-A679-FF4017125643}
		{50B57C49-99C1-4872-AD5E-35FD1F4BA5F8} = {09CC424F-409B-49D1-BDBD-D2D46B9CA34E}
		{246AA0F9-C11E-4F62-9125-B7C319D2121F} = {50B57C49-99C1-4872-AD5E-35FD1F4BA5F8}
		{8E09FDF5-BCA1-4A69-BF0D-6C3460C90A96} = {50B57C49-99C1-4872-AD5E-35FD1F4BA5F8}
		{700B85B8-C3D5-4923-90F5-1D8ACEC44168} = {50B57C49-99C1-4872-AD5E-35FD1F4BA5F8}
		{3538A527-4067-4BBA-804D-0DE7B9039F6B} = {50B57C49-99C1-4872-AD5E-35FD1F4BA5F8}
		{87838124-9B56-4650-8379-CB298D260219} = {50B57C49-99C1-4872-AD5E-35FD1F4BA5F8}
		{534408DB-A375-4723-BD47-1C276AB7AC78} = {50B57C49-99C1-4872-AD5E-35FD1F4BA5F8}
		{BBAB9503-09F1-4829-BC43-0505DA719603} = {50B57C49-99C1-4872-AD5E-35FD1F4BA5F8}
		{3EFFBA45-8417-4470-9213-2E458506438B} = {09CC424F-409B-49D1-BDBD-D2D46B9CA34E}
		{CF68E58C-6775-49F0-A98D-66F685011CBA} = {3EFFBA45-8417-4470-9213-2E458506438B}
		{5E888DFB-81F0-4DE8-ABF6-1A47B07F3842} = {3EFFBA45-8417-4470-9213-2E458506438B}
		{79E0D783-A99F-486C-9508-F98D4053EC55} = {3EFFBA45-8417-4470-9213-2E458506438B}
		{DCBFC7E1-6741-4BE8-B4AF-C197D713EC87} = {3EFFBA45-8417-4470-9213-2E458506438B}
	EndGlobalSection
	GlobalSection(ExtensibilityGlobals) = postSolution
		SolutionGuid = {8C2AE742-721E-4075-9A63-FB6FB76133FA}
	EndGlobalSection
EndGlobal
