
Microsoft Visual Studio Solution File, Format Version 12.00
# Visual Studio Version 17
VisualStudioVersion = 17.0.31903.59
MinimumVisualStudioVersion = 10.0.40219.1
Project("{2150E333-8FDC-42A3-9474-1A3956D46DE8}") = "Services", "Services", "{09CC424F-409B-49D1-BDBD-D2D46B9CA34E}"
EndProject
Project("{2150E333-8FDC-42A3-9474-1A3956D46DE8}") = "Identity", "Identity", "{8B619F7C-2035-42D4-A679-FF4017125643}"
EndProject
Project("{9A19103F-16F7-4668-BE54-9A1E7A4F7556}") = "YGZ.Identity.Api", "Services\Identity\YGZ.Identity.Api\YGZ.Identity.Api.csproj", "{8BC70CE2-7AE9-46FE-B604-99B145C9CA59}"
EndProject
Project("{9A19103F-16F7-4668-BE54-9A1E7A4F7556}") = "YGZ.Identity.Application", "Services\Identity\YGZ.Identity.Application\YGZ.Identity.Application.csproj", "{F7B73346-7594-4F0B-8FC5-7783B04A6D5D}"
EndProject
Project("{9A19103F-16F7-4668-BE54-9A1E7A4F7556}") = "YGZ.Identity.Domain", "Services\Identity\YGZ.Identity.Domain\YGZ.Identity.Domain.csproj", "{0E72549D-4A87-4150-967C-FC3ECA307AEA}"
EndProject
Project("{9A19103F-16F7-4668-BE54-9A1E7A4F7556}") = "YGZ.Identity.Contracts", "Services\Identity\YGZ.Identity.Contracts\YGZ.Identity.Contracts.csproj", "{2CAA2EA7-F0C4-4AAA-872E-80C0BF3E715E}"
EndProject
Project("{9A19103F-16F7-4668-BE54-9A1E7A4F7556}") = "YGZ.Identity.Persistence", "Services\Identity\YGZ.Identity.Persistence\YGZ.Identity.Persistence.csproj", "{78823A43-EB51-4873-BC3F-D1D8018C6CA8}"
EndProject
Project("{9A19103F-16F7-4668-BE54-9A1E7A4F7556}") = "YGZ.Identity.Test", "Services\Identity\YGZ.Identity.Test\YGZ.Identity.Test.csproj", "{2DC051E0-5518-41FF-A522-1BAF0B189191}"
EndProject
Project("{9A19103F-16F7-4668-BE54-9A1E7A4F7556}") = "YGZ.Identity.Infrastructure", "Services\Identity\YGZ.Identity.Infrastructure\YGZ.Identity.Infrastructure.csproj", "{260ACD0C-AE70-47E8-959E-65B971E92BE9}"
EndProject
Project("{9A19103F-16F7-4668-BE54-9A1E7A4F7556}") = "Gateway.Api", "Gateways\Gateway.Api\Gateway.Api.csproj", "{C08D408D-5C1B-49F0-B39F-8A88CC2FF804}"
EndProject
Project("{FAE04EC0-301F-11D3-BF4B-00C04F79EFBC}") = "IdentityTest1", "Services\IdentityTest\IdentityTest1\IdentityTest1.csproj", "{8081E21D-6022-47A9-BD61-8A4113B1676D}"
EndProject
Project("{FAE04EC0-301F-11D3-BF4B-00C04F79EFBC}") = "IdentityTest2", "Services\IdentityTest\IdentityTest2\IdentityTest2.csproj", "{590E87E3-CEF5-4678-972A-1C54BEB40CC6}"
EndProject
Project("{E53339B2-1760-4266-BCC7-CA923CBCF16C}") = "docker-compose", "docker-compose.dcproj", "{E7BC684F-7E20-4AD3-9DCB-6C663401DFC0}"
EndProject
Global
	GlobalSection(SolutionConfigurationPlatforms) = preSolution
		Debug|Any CPU = Debug|Any CPU
		Release|Any CPU = Release|Any CPU
	EndGlobalSection
	GlobalSection(ProjectConfigurationPlatforms) = postSolution
		{8BC70CE2-7AE9-46FE-B604-99B145C9CA59}.Debug|Any CPU.ActiveCfg = Debug|Any CPU
		{8BC70CE2-7AE9-46FE-B604-99B145C9CA59}.Debug|Any CPU.Build.0 = Debug|Any CPU
		{8BC70CE2-7AE9-46FE-B604-99B145C9CA59}.Release|Any CPU.ActiveCfg = Release|Any CPU
		{8BC70CE2-7AE9-46FE-B604-99B145C9CA59}.Release|Any CPU.Build.0 = Release|Any CPU
		{F7B73346-7594-4F0B-8FC5-7783B04A6D5D}.Debug|Any CPU.ActiveCfg = Debug|Any CPU
		{F7B73346-7594-4F0B-8FC5-7783B04A6D5D}.Debug|Any CPU.Build.0 = Debug|Any CPU
		{F7B73346-7594-4F0B-8FC5-7783B04A6D5D}.Release|Any CPU.ActiveCfg = Release|Any CPU
		{F7B73346-7594-4F0B-8FC5-7783B04A6D5D}.Release|Any CPU.Build.0 = Release|Any CPU
		{0E72549D-4A87-4150-967C-FC3ECA307AEA}.Debug|Any CPU.ActiveCfg = Debug|Any CPU
		{0E72549D-4A87-4150-967C-FC3ECA307AEA}.Debug|Any CPU.Build.0 = Debug|Any CPU
		{0E72549D-4A87-4150-967C-FC3ECA307AEA}.Release|Any CPU.ActiveCfg = Release|Any CPU
		{0E72549D-4A87-4150-967C-FC3ECA307AEA}.Release|Any CPU.Build.0 = Release|Any CPU
		{2CAA2EA7-F0C4-4AAA-872E-80C0BF3E715E}.Debug|Any CPU.ActiveCfg = Debug|Any CPU
		{2CAA2EA7-F0C4-4AAA-872E-80C0BF3E715E}.Debug|Any CPU.Build.0 = Debug|Any CPU
		{2CAA2EA7-F0C4-4AAA-872E-80C0BF3E715E}.Release|Any CPU.ActiveCfg = Release|Any CPU
		{2CAA2EA7-F0C4-4AAA-872E-80C0BF3E715E}.Release|Any CPU.Build.0 = Release|Any CPU
		{78823A43-EB51-4873-BC3F-D1D8018C6CA8}.Debug|Any CPU.ActiveCfg = Debug|Any CPU
		{78823A43-EB51-4873-BC3F-D1D8018C6CA8}.Debug|Any CPU.Build.0 = Debug|Any CPU
		{78823A43-EB51-4873-BC3F-D1D8018C6CA8}.Release|Any CPU.ActiveCfg = Release|Any CPU
		{78823A43-EB51-4873-BC3F-D1D8018C6CA8}.Release|Any CPU.Build.0 = Release|Any CPU
		{2DC051E0-5518-41FF-A522-1BAF0B189191}.Debug|Any CPU.ActiveCfg = Debug|Any CPU
		{2DC051E0-5518-41FF-A522-1BAF0B189191}.Debug|Any CPU.Build.0 = Debug|Any CPU
		{2DC051E0-5518-41FF-A522-1BAF0B189191}.Release|Any CPU.ActiveCfg = Release|Any CPU
		{2DC051E0-5518-41FF-A522-1BAF0B189191}.Release|Any CPU.Build.0 = Release|Any CPU
		{260ACD0C-AE70-47E8-959E-65B971E92BE9}.Debug|Any CPU.ActiveCfg = Debug|Any CPU
		{260ACD0C-AE70-47E8-959E-65B971E92BE9}.Debug|Any CPU.Build.0 = Debug|Any CPU
		{260ACD0C-AE70-47E8-959E-65B971E92BE9}.Release|Any CPU.ActiveCfg = Release|Any CPU
		{260ACD0C-AE70-47E8-959E-65B971E92BE9}.Release|Any CPU.Build.0 = Release|Any CPU
		{C08D408D-5C1B-49F0-B39F-8A88CC2FF804}.Debug|Any CPU.ActiveCfg = Debug|Any CPU
		{C08D408D-5C1B-49F0-B39F-8A88CC2FF804}.Debug|Any CPU.Build.0 = Debug|Any CPU
		{C08D408D-5C1B-49F0-B39F-8A88CC2FF804}.Release|Any CPU.ActiveCfg = Release|Any CPU
		{C08D408D-5C1B-49F0-B39F-8A88CC2FF804}.Release|Any CPU.Build.0 = Release|Any CPU
		{8081E21D-6022-47A9-BD61-8A4113B1676D}.Debug|Any CPU.ActiveCfg = Debug|Any CPU
		{8081E21D-6022-47A9-BD61-8A4113B1676D}.Debug|Any CPU.Build.0 = Debug|Any CPU
		{8081E21D-6022-47A9-BD61-8A4113B1676D}.Release|Any CPU.ActiveCfg = Release|Any CPU
		{8081E21D-6022-47A9-BD61-8A4113B1676D}.Release|Any CPU.Build.0 = Release|Any CPU
		{590E87E3-CEF5-4678-972A-1C54BEB40CC6}.Debug|Any CPU.ActiveCfg = Debug|Any CPU
		{590E87E3-CEF5-4678-972A-1C54BEB40CC6}.Debug|Any CPU.Build.0 = Debug|Any CPU
		{590E87E3-CEF5-4678-972A-1C54BEB40CC6}.Release|Any CPU.ActiveCfg = Release|Any CPU
		{590E87E3-CEF5-4678-972A-1C54BEB40CC6}.Release|Any CPU.Build.0 = Release|Any CPU
		{E7BC684F-7E20-4AD3-9DCB-6C663401DFC0}.Debug|Any CPU.ActiveCfg = Debug|Any CPU
		{E7BC684F-7E20-4AD3-9DCB-6C663401DFC0}.Debug|Any CPU.Build.0 = Debug|Any CPU
		{E7BC684F-7E20-4AD3-9DCB-6C663401DFC0}.Release|Any CPU.ActiveCfg = Release|Any CPU
		{E7BC684F-7E20-4AD3-9DCB-6C663401DFC0}.Release|Any CPU.Build.0 = Release|Any CPU
	EndGlobalSection
	GlobalSection(SolutionProperties) = preSolution
		HideSolutionNode = FALSE
	EndGlobalSection
	GlobalSection(NestedProjects) = preSolution
		{8B619F7C-2035-42D4-A679-FF4017125643} = {09CC424F-409B-49D1-BDBD-D2D46B9CA34E}
		{8BC70CE2-7AE9-46FE-B604-99B145C9CA59} = {8B619F7C-2035-42D4-A679-FF4017125643}
		{F7B73346-7594-4F0B-8FC5-7783B04A6D5D} = {8B619F7C-2035-42D4-A679-FF4017125643}
		{0E72549D-4A87-4150-967C-FC3ECA307AEA} = {8B619F7C-2035-42D4-A679-FF4017125643}
		{2CAA2EA7-F0C4-4AAA-872E-80C0BF3E715E} = {8B619F7C-2035-42D4-A679-FF4017125643}
		{78823A43-EB51-4873-BC3F-D1D8018C6CA8} = {8B619F7C-2035-42D4-A679-FF4017125643}
		{2DC051E0-5518-41FF-A522-1BAF0B189191} = {8B619F7C-2035-42D4-A679-FF4017125643}
		{260ACD0C-AE70-47E8-959E-65B971E92BE9} = {8B619F7C-2035-42D4-A679-FF4017125643}
	EndGlobalSection
	GlobalSection(ExtensibilityGlobals) = postSolution
		SolutionGuid = {8C2AE742-721E-4075-9A63-FB6FB76133FA}
	EndGlobalSection
EndGlobal
