Microsoft Visual Studio Solution File, Format Version 12.00
# Visual Studio Version 17
VisualStudioVersion = 17.5.2.0
MinimumVisualStudioVersion = 10.0.40219.1
Project("{2150E333-8FDC-42A3-9474-1A3956D46DE8}") = "Basket", "Basket", "{6BC64ED0-FD7B-6402-6067-182150934581}"
EndProject
Project("{2150E333-8FDC-42A3-9474-1A3956D46DE8}") = "BuildingBlocks", "BuildingBlocks", "{7266C4A9-E384-DC00-0EB6-47F6002CFBA7}"
EndProject
Project("{2150E333-8FDC-42A3-9474-1A3956D46DE8}") = "Catalog", "Catalog", "{50761A8C-3A0B-6B1B-86AD-17AC9E1B806D}"
EndProject
Project("{2150E333-8FDC-42A3-9474-1A3956D46DE8}") = "Discount", "Discount", "{63A2009D-AFE3-F167-674E-50DAB8D529F8}"
EndProject
Project("{2150E333-8FDC-42A3-9474-1A3956D46DE8}") = "Identity", "Identity", "{2FA89949-C014-61E3-9766-4043502A0423}"
EndProject
Project("{2150E333-8FDC-42A3-9474-1A3956D46DE8}") = "Ordering", "Ordering", "{FAB2A6D2-3DE0-768B-8FC5-8CFB9338A7C7}"
EndProject
Project("{FAE04EC0-301F-11D3-BF4B-00C04F79EFBC}") = "YGZ.Basket.Api", "Basket\YGZ.Basket.Api\YGZ.Basket.Api.csproj", "{7F1F3FC7-A4D3-B31C-5AA0-BBF1CD03626C}"
EndProject
Project("{FAE04EC0-301F-11D3-BF4B-00C04F79EFBC}") = "YGZ.Basket.Application", "Basket\YGZ.Basket.Application\YGZ.Basket.Application.csproj", "{F11C189E-C3AA-6CAB-0913-CCC82EC3C615}"
EndProject
Project("{FAE04EC0-301F-11D3-BF4B-00C04F79EFBC}") = "YGZ.Basket.Domain", "Basket\YGZ.Basket.Domain\YGZ.Basket.Domain.csproj", "{2930003E-9BD1-51D9-6577-7AFDC6050912}"
EndProject
Project("{FAE04EC0-301F-11D3-BF4B-00C04F79EFBC}") = "YGZ.Basket.Infrastructure", "Basket\YGZ.Basket.Infrastructure\YGZ.Basket.Infrastructure.csproj", "{2026AD88-CEC9-9781-0015-2400A7BA4F78}"
EndProject
Project("{FAE04EC0-301F-11D3-BF4B-00C04F79EFBC}") = "YGZ.BuildingBlocks.Messaging", "BuildingBlocks\YGZ.BuildingBlocks.Messaging\YGZ.BuildingBlocks.Messaging.csproj", "{03D642E2-7F32-F209-2FAE-44B7F77958A6}"
EndProject
Project("{FAE04EC0-301F-11D3-BF4B-00C04F79EFBC}") = "YGZ.BuildingBlocks.Shared", "BuildingBlocks\YGZ.BuildingBlocks.Shared\YGZ.BuildingBlocks.Shared.csproj", "{3EC3CC68-B915-C2C6-6814-638ECC48AAF9}"
EndProject
Project("{FAE04EC0-301F-11D3-BF4B-00C04F79EFBC}") = "YGZ.Catalog.Api", "Catalog\YGZ.Catalog.Api\YGZ.Catalog.Api.csproj", "{995BD234-32D8-B1D2-4070-F0EFF33AAC89}"
EndProject
Project("{FAE04EC0-301F-11D3-BF4B-00C04F79EFBC}") = "YGZ.Catalog.Application", "Catalog\YGZ.Catalog.Application\YGZ.Catalog.Application.csproj", "{74E7790D-13D2-A8E8-9DCB-0E43320B11B9}"
EndProject
Project("{FAE04EC0-301F-11D3-BF4B-00C04F79EFBC}") = "YGZ.Catalog.Domain", "Catalog\YGZ.Catalog.Domain\YGZ.Catalog.Domain.csproj", "{EB7CDF11-8D07-D073-CE1B-667974BDACE6}"
EndProject
Project("{FAE04EC0-301F-11D3-BF4B-00C04F79EFBC}") = "YGZ.Catalog.Infrastructure", "Catalog\YGZ.Catalog.Infrastructure\YGZ.Catalog.Infrastructure.csproj", "{48654932-3F09-7585-1F11-C4D48EECF0F5}"
EndProject
Project("{FAE04EC0-301F-11D3-BF4B-00C04F79EFBC}") = "YGZ.Discount.Application", "Discount\YGZ.Discount.Application\YGZ.Discount.Application.csproj", "{72DD65AD-D19C-1C7D-864E-B2EB3BC7556E}"
EndProject
Project("{FAE04EC0-301F-11D3-BF4B-00C04F79EFBC}") = "YGZ.Discount.Domain", "Discount\YGZ.Discount.Domain\YGZ.Discount.Domain.csproj", "{ABA06BD9-095F-8089-D651-2B1BA0788D50}"
EndProject
Project("{FAE04EC0-301F-11D3-BF4B-00C04F79EFBC}") = "YGZ.Discount.Grpc", "Discount\YGZ.Discount.Grpc\YGZ.Discount.Grpc.csproj", "{3CB2940B-F4EE-8BC8-97E9-F36EF51CBDC9}"
EndProject
Project("{FAE04EC0-301F-11D3-BF4B-00C04F79EFBC}") = "YGZ.Discount.Infrastructure", "Discount\YGZ.Discount.Infrastructure\YGZ.Discount.Infrastructure.csproj", "{F2051A6A-EA47-A7FF-FFC6-A46514E65133}"
EndProject
Project("{FAE04EC0-301F-11D3-BF4B-00C04F79EFBC}") = "YGZ.Identity.Api", "Identity\YGZ.Identity.Api\YGZ.Identity.Api.csproj", "{327132DA-C24E-7054-97B4-58D5B646122C}"
EndProject
Project("{FAE04EC0-301F-11D3-BF4B-00C04F79EFBC}") = "YGZ.Identity.Application", "Identity\YGZ.Identity.Application\YGZ.Identity.Application.csproj", "{922183CA-7946-13F3-C6DB-22126857A9E5}"
EndProject
Project("{FAE04EC0-301F-11D3-BF4B-00C04F79EFBC}") = "YGZ.Identity.Domain", "Identity\YGZ.Identity.Domain\YGZ.Identity.Domain.csproj", "{C36FBDDD-A35F-E62A-D644-1742EA9E254F}"
EndProject
Project("{FAE04EC0-301F-11D3-BF4B-00C04F79EFBC}") = "YGZ.Identity.Infrastructure", "Identity\YGZ.Identity.Infrastructure\YGZ.Identity.Infrastructure.csproj", "{9928C49D-D34C-5117-83FE-7C3FBD15EFAC}"
EndProject
Project("{FAE04EC0-301F-11D3-BF4B-00C04F79EFBC}") = "YGZ.Ordering.Api", "Ordering\YGZ.Ordering.Api\YGZ.Ordering.Api.csproj", "{ABD9B92D-F548-B509-0E62-3C13EB63FBC8}"
EndProject
Project("{FAE04EC0-301F-11D3-BF4B-00C04F79EFBC}") = "YGZ.Ordering.Application", "Ordering\YGZ.Ordering.Application\YGZ.Ordering.Application.csproj", "{1345220A-3CA1-446E-6E3D-5573E700B357}"
EndProject
Project("{FAE04EC0-301F-11D3-BF4B-00C04F79EFBC}") = "YGZ.Ordering.Domain", "Ordering\YGZ.Ordering.Domain\YGZ.Ordering.Domain.csproj", "{908F2EA6-EA97-4D26-7742-C0810BF1ABC1}"
EndProject
Project("{FAE04EC0-301F-11D3-BF4B-00C04F79EFBC}") = "YGZ.Ordering.Infrastructure", "Ordering\YGZ.Ordering.Infrastructure\YGZ.Ordering.Infrastructure.csproj", "{05A8E0CF-AA78-0D65-1419-D353D3B2915D}"
EndProject
Global
	GlobalSection(SolutionConfigurationPlatforms) = preSolution
		Debug|Any CPU = Debug|Any CPU
		Release|Any CPU = Release|Any CPU
	EndGlobalSection
	GlobalSection(ProjectConfigurationPlatforms) = postSolution
		{7F1F3FC7-A4D3-B31C-5AA0-BBF1CD03626C}.Debug|Any CPU.ActiveCfg = Debug|Any CPU
		{7F1F3FC7-A4D3-B31C-5AA0-BBF1CD03626C}.Debug|Any CPU.Build.0 = Debug|Any CPU
		{7F1F3FC7-A4D3-B31C-5AA0-BBF1CD03626C}.Release|Any CPU.ActiveCfg = Release|Any CPU
		{7F1F3FC7-A4D3-B31C-5AA0-BBF1CD03626C}.Release|Any CPU.Build.0 = Release|Any CPU
		{F11C189E-C3AA-6CAB-0913-CCC82EC3C615}.Debug|Any CPU.ActiveCfg = Debug|Any CPU
		{F11C189E-C3AA-6CAB-0913-CCC82EC3C615}.Debug|Any CPU.Build.0 = Debug|Any CPU
		{F11C189E-C3AA-6CAB-0913-CCC82EC3C615}.Release|Any CPU.ActiveCfg = Release|Any CPU
		{F11C189E-C3AA-6CAB-0913-CCC82EC3C615}.Release|Any CPU.Build.0 = Release|Any CPU
		{2930003E-9BD1-51D9-6577-7AFDC6050912}.Debug|Any CPU.ActiveCfg = Debug|Any CPU
		{2930003E-9BD1-51D9-6577-7AFDC6050912}.Debug|Any CPU.Build.0 = Debug|Any CPU
		{2930003E-9BD1-51D9-6577-7AFDC6050912}.Release|Any CPU.ActiveCfg = Release|Any CPU
		{2930003E-9BD1-51D9-6577-7AFDC6050912}.Release|Any CPU.Build.0 = Release|Any CPU
		{2026AD88-CEC9-9781-0015-2400A7BA4F78}.Debug|Any CPU.ActiveCfg = Debug|Any CPU
		{2026AD88-CEC9-9781-0015-2400A7BA4F78}.Debug|Any CPU.Build.0 = Debug|Any CPU
		{2026AD88-CEC9-9781-0015-2400A7BA4F78}.Release|Any CPU.ActiveCfg = Release|Any CPU
		{2026AD88-CEC9-9781-0015-2400A7BA4F78}.Release|Any CPU.Build.0 = Release|Any CPU
		{03D642E2-7F32-F209-2FAE-44B7F77958A6}.Debug|Any CPU.ActiveCfg = Debug|Any CPU
		{03D642E2-7F32-F209-2FAE-44B7F77958A6}.Debug|Any CPU.Build.0 = Debug|Any CPU
		{03D642E2-7F32-F209-2FAE-44B7F77958A6}.Release|Any CPU.ActiveCfg = Release|Any CPU
		{03D642E2-7F32-F209-2FAE-44B7F77958A6}.Release|Any CPU.Build.0 = Release|Any CPU
		{3EC3CC68-B915-C2C6-6814-638ECC48AAF9}.Debug|Any CPU.ActiveCfg = Debug|Any CPU
		{3EC3CC68-B915-C2C6-6814-638ECC48AAF9}.Debug|Any CPU.Build.0 = Debug|Any CPU
		{3EC3CC68-B915-C2C6-6814-638ECC48AAF9}.Release|Any CPU.ActiveCfg = Release|Any CPU
		{3EC3CC68-B915-C2C6-6814-638ECC48AAF9}.Release|Any CPU.Build.0 = Release|Any CPU
		{995BD234-32D8-B1D2-4070-F0EFF33AAC89}.Debug|Any CPU.ActiveCfg = Debug|Any CPU
		{995BD234-32D8-B1D2-4070-F0EFF33AAC89}.Debug|Any CPU.Build.0 = Debug|Any CPU
		{995BD234-32D8-B1D2-4070-F0EFF33AAC89}.Release|Any CPU.ActiveCfg = Release|Any CPU
		{995BD234-32D8-B1D2-4070-F0EFF33AAC89}.Release|Any CPU.Build.0 = Release|Any CPU
		{74E7790D-13D2-A8E8-9DCB-0E43320B11B9}.Debug|Any CPU.ActiveCfg = Debug|Any CPU
		{74E7790D-13D2-A8E8-9DCB-0E43320B11B9}.Debug|Any CPU.Build.0 = Debug|Any CPU
		{74E7790D-13D2-A8E8-9DCB-0E43320B11B9}.Release|Any CPU.ActiveCfg = Release|Any CPU
		{74E7790D-13D2-A8E8-9DCB-0E43320B11B9}.Release|Any CPU.Build.0 = Release|Any CPU
		{EB7CDF11-8D07-D073-CE1B-667974BDACE6}.Debug|Any CPU.ActiveCfg = Debug|Any CPU
		{EB7CDF11-8D07-D073-CE1B-667974BDACE6}.Debug|Any CPU.Build.0 = Debug|Any CPU
		{EB7CDF11-8D07-D073-CE1B-667974BDACE6}.Release|Any CPU.ActiveCfg = Release|Any CPU
		{EB7CDF11-8D07-D073-CE1B-667974BDACE6}.Release|Any CPU.Build.0 = Release|Any CPU
		{48654932-3F09-7585-1F11-C4D48EECF0F5}.Debug|Any CPU.ActiveCfg = Debug|Any CPU
		{48654932-3F09-7585-1F11-C4D48EECF0F5}.Debug|Any CPU.Build.0 = Debug|Any CPU
		{48654932-3F09-7585-1F11-C4D48EECF0F5}.Release|Any CPU.ActiveCfg = Release|Any CPU
		{48654932-3F09-7585-1F11-C4D48EECF0F5}.Release|Any CPU.Build.0 = Release|Any CPU
		{72DD65AD-D19C-1C7D-864E-B2EB3BC7556E}.Debug|Any CPU.ActiveCfg = Debug|Any CPU
		{72DD65AD-D19C-1C7D-864E-B2EB3BC7556E}.Debug|Any CPU.Build.0 = Debug|Any CPU
		{72DD65AD-D19C-1C7D-864E-B2EB3BC7556E}.Release|Any CPU.ActiveCfg = Release|Any CPU
		{72DD65AD-D19C-1C7D-864E-B2EB3BC7556E}.Release|Any CPU.Build.0 = Release|Any CPU
		{ABA06BD9-095F-8089-D651-2B1BA0788D50}.Debug|Any CPU.ActiveCfg = Debug|Any CPU
		{ABA06BD9-095F-8089-D651-2B1BA0788D50}.Debug|Any CPU.Build.0 = Debug|Any CPU
		{ABA06BD9-095F-8089-D651-2B1BA0788D50}.Release|Any CPU.ActiveCfg = Release|Any CPU
		{ABA06BD9-095F-8089-D651-2B1BA0788D50}.Release|Any CPU.Build.0 = Release|Any CPU
		{3CB2940B-F4EE-8BC8-97E9-F36EF51CBDC9}.Debug|Any CPU.ActiveCfg = Debug|Any CPU
		{3CB2940B-F4EE-8BC8-97E9-F36EF51CBDC9}.Debug|Any CPU.Build.0 = Debug|Any CPU
		{3CB2940B-F4EE-8BC8-97E9-F36EF51CBDC9}.Release|Any CPU.ActiveCfg = Release|Any CPU
		{3CB2940B-F4EE-8BC8-97E9-F36EF51CBDC9}.Release|Any CPU.Build.0 = Release|Any CPU
		{F2051A6A-EA47-A7FF-FFC6-A46514E65133}.Debug|Any CPU.ActiveCfg = Debug|Any CPU
		{F2051A6A-EA47-A7FF-FFC6-A46514E65133}.Debug|Any CPU.Build.0 = Debug|Any CPU
		{F2051A6A-EA47-A7FF-FFC6-A46514E65133}.Release|Any CPU.ActiveCfg = Release|Any CPU
		{F2051A6A-EA47-A7FF-FFC6-A46514E65133}.Release|Any CPU.Build.0 = Release|Any CPU
		{327132DA-C24E-7054-97B4-58D5B646122C}.Debug|Any CPU.ActiveCfg = Debug|Any CPU
		{327132DA-C24E-7054-97B4-58D5B646122C}.Debug|Any CPU.Build.0 = Debug|Any CPU
		{327132DA-C24E-7054-97B4-58D5B646122C}.Release|Any CPU.ActiveCfg = Release|Any CPU
		{327132DA-C24E-7054-97B4-58D5B646122C}.Release|Any CPU.Build.0 = Release|Any CPU
		{922183CA-7946-13F3-C6DB-22126857A9E5}.Debug|Any CPU.ActiveCfg = Debug|Any CPU
		{922183CA-7946-13F3-C6DB-22126857A9E5}.Debug|Any CPU.Build.0 = Debug|Any CPU
		{922183CA-7946-13F3-C6DB-22126857A9E5}.Release|Any CPU.ActiveCfg = Release|Any CPU
		{922183CA-7946-13F3-C6DB-22126857A9E5}.Release|Any CPU.Build.0 = Release|Any CPU
		{C36FBDDD-A35F-E62A-D644-1742EA9E254F}.Debug|Any CPU.ActiveCfg = Debug|Any CPU
		{C36FBDDD-A35F-E62A-D644-1742EA9E254F}.Debug|Any CPU.Build.0 = Debug|Any CPU
		{C36FBDDD-A35F-E62A-D644-1742EA9E254F}.Release|Any CPU.ActiveCfg = Release|Any CPU
		{C36FBDDD-A35F-E62A-D644-1742EA9E254F}.Release|Any CPU.Build.0 = Release|Any CPU
		{9928C49D-D34C-5117-83FE-7C3FBD15EFAC}.Debug|Any CPU.ActiveCfg = Debug|Any CPU
		{9928C49D-D34C-5117-83FE-7C3FBD15EFAC}.Debug|Any CPU.Build.0 = Debug|Any CPU
		{9928C49D-D34C-5117-83FE-7C3FBD15EFAC}.Release|Any CPU.ActiveCfg = Release|Any CPU
		{9928C49D-D34C-5117-83FE-7C3FBD15EFAC}.Release|Any CPU.Build.0 = Release|Any CPU
		{ABD9B92D-F548-B509-0E62-3C13EB63FBC8}.Debug|Any CPU.ActiveCfg = Debug|Any CPU
		{ABD9B92D-F548-B509-0E62-3C13EB63FBC8}.Debug|Any CPU.Build.0 = Debug|Any CPU
		{ABD9B92D-F548-B509-0E62-3C13EB63FBC8}.Release|Any CPU.ActiveCfg = Release|Any CPU
		{ABD9B92D-F548-B509-0E62-3C13EB63FBC8}.Release|Any CPU.Build.0 = Release|Any CPU
		{1345220A-3CA1-446E-6E3D-5573E700B357}.Debug|Any CPU.ActiveCfg = Debug|Any CPU
		{1345220A-3CA1-446E-6E3D-5573E700B357}.Debug|Any CPU.Build.0 = Debug|Any CPU
		{1345220A-3CA1-446E-6E3D-5573E700B357}.Release|Any CPU.ActiveCfg = Release|Any CPU
		{1345220A-3CA1-446E-6E3D-5573E700B357}.Release|Any CPU.Build.0 = Release|Any CPU
		{908F2EA6-EA97-4D26-7742-C0810BF1ABC1}.Debug|Any CPU.ActiveCfg = Debug|Any CPU
		{908F2EA6-EA97-4D26-7742-C0810BF1ABC1}.Debug|Any CPU.Build.0 = Debug|Any CPU
		{908F2EA6-EA97-4D26-7742-C0810BF1ABC1}.Release|Any CPU.ActiveCfg = Release|Any CPU
		{908F2EA6-EA97-4D26-7742-C0810BF1ABC1}.Release|Any CPU.Build.0 = Release|Any CPU
		{05A8E0CF-AA78-0D65-1419-D353D3B2915D}.Debug|Any CPU.ActiveCfg = Debug|Any CPU
		{05A8E0CF-AA78-0D65-1419-D353D3B2915D}.Debug|Any CPU.Build.0 = Debug|Any CPU
		{05A8E0CF-AA78-0D65-1419-D353D3B2915D}.Release|Any CPU.ActiveCfg = Release|Any CPU
		{05A8E0CF-AA78-0D65-1419-D353D3B2915D}.Release|Any CPU.Build.0 = Release|Any CPU
	EndGlobalSection
	GlobalSection(SolutionProperties) = preSolution
		HideSolutionNode = FALSE
	EndGlobalSection
	GlobalSection(NestedProjects) = preSolution
		{7F1F3FC7-A4D3-B31C-5AA0-BBF1CD03626C} = {6BC64ED0-FD7B-6402-6067-182150934581}
		{F11C189E-C3AA-6CAB-0913-CCC82EC3C615} = {6BC64ED0-FD7B-6402-6067-182150934581}
		{2930003E-9BD1-51D9-6577-7AFDC6050912} = {6BC64ED0-FD7B-6402-6067-182150934581}
		{2026AD88-CEC9-9781-0015-2400A7BA4F78} = {6BC64ED0-FD7B-6402-6067-182150934581}
		{03D642E2-7F32-F209-2FAE-44B7F77958A6} = {7266C4A9-E384-DC00-0EB6-47F6002CFBA7}
		{3EC3CC68-B915-C2C6-6814-638ECC48AAF9} = {7266C4A9-E384-DC00-0EB6-47F6002CFBA7}
		{995BD234-32D8-B1D2-4070-F0EFF33AAC89} = {50761A8C-3A0B-6B1B-86AD-17AC9E1B806D}
		{74E7790D-13D2-A8E8-9DCB-0E43320B11B9} = {50761A8C-3A0B-6B1B-86AD-17AC9E1B806D}
		{EB7CDF11-8D07-D073-CE1B-667974BDACE6} = {50761A8C-3A0B-6B1B-86AD-17AC9E1B806D}
		{48654932-3F09-7585-1F11-C4D48EECF0F5} = {50761A8C-3A0B-6B1B-86AD-17AC9E1B806D}
		{72DD65AD-D19C-1C7D-864E-B2EB3BC7556E} = {63A2009D-AFE3-F167-674E-50DAB8D529F8}
		{ABA06BD9-095F-8089-D651-2B1BA0788D50} = {63A2009D-AFE3-F167-674E-50DAB8D529F8}
		{3CB2940B-F4EE-8BC8-97E9-F36EF51CBDC9} = {63A2009D-AFE3-F167-674E-50DAB8D529F8}
		{F2051A6A-EA47-A7FF-FFC6-A46514E65133} = {63A2009D-AFE3-F167-674E-50DAB8D529F8}
		{327132DA-C24E-7054-97B4-58D5B646122C} = {2FA89949-C014-61E3-9766-4043502A0423}
		{922183CA-7946-13F3-C6DB-22126857A9E5} = {2FA89949-C014-61E3-9766-4043502A0423}
		{C36FBDDD-A35F-E62A-D644-1742EA9E254F} = {2FA89949-C014-61E3-9766-4043502A0423}
		{9928C49D-D34C-5117-83FE-7C3FBD15EFAC} = {2FA89949-C014-61E3-9766-4043502A0423}
		{ABD9B92D-F548-B509-0E62-3C13EB63FBC8} = {FAB2A6D2-3DE0-768B-8FC5-8CFB9338A7C7}
		{1345220A-3CA1-446E-6E3D-5573E700B357} = {FAB2A6D2-3DE0-768B-8FC5-8CFB9338A7C7}
		{908F2EA6-EA97-4D26-7742-C0810BF1ABC1} = {FAB2A6D2-3DE0-768B-8FC5-8CFB9338A7C7}
		{05A8E0CF-AA78-0D65-1419-D353D3B2915D} = {FAB2A6D2-3DE0-768B-8FC5-8CFB9338A7C7}
	EndGlobalSection
	GlobalSection(ExtensibilityGlobals) = postSolution
		SolutionGuid = {FFBF4842-C025-43F5-A7E5-2FD453378663}
	EndGlobalSection
EndGlobal
